
Microsoft Visual Studio Solution File, Format Version 12.00
# Visual Studio Version 16
VisualStudioVersion = 16.0.30523.141
MinimumVisualStudioVersion = 10.0.40219.1
Project("{8BC9CEB8-8B4A-11D0-8D11-00A0C91BC942}") = "FindRoot", "FindRoot\FindRoot.vcxproj", "{E1F9988F-68AA-44DD-9933-AC0EF26EBB28}"
EndProject
Global
	GlobalSection(SolutionConfigurationPlatforms) = preSolution
		Debug|x64 = Debug|x64
		Debug|x86 = Debug|x86
		Release|x64 = Release|x64
		Release|x86 = Release|x86
	EndGlobalSection
	GlobalSection(ProjectConfigurationPlatforms) = postSolution
		{E1F9988F-68AA-44DD-9933-AC0EF26EBB28}.Debug|x64.ActiveCfg = Debug|x64
		{E1F9988F-68AA-44DD-9933-AC0EF26EBB28}.Debug|x64.Build.0 = Debug|x64
		{E1F9988F-68AA-44DD-9933-AC0EF26EBB28}.Debug|x86.ActiveCfg = Debug|Win32
		{E1F9988F-68AA-44DD-9933-AC0EF26EBB28}.Debug|x86.Build.0 = Debug|Win32
		{E1F9988F-68AA-44DD-9933-AC0EF26EBB28}.Release|x64.ActiveCfg = Release|x64
		{E1F9988F-68AA-44DD-9933-AC0EF26EBB28}.Release|x64.Build.0 = Release|x64
		{E1F9988F-68AA-44DD-9933-AC0EF26EBB28}.Release|x86.ActiveCfg = Release|Win32
		{E1F9988F-68AA-44DD-9933-AC0EF26EBB28}.Release|x86.Build.0 = Release|Win32
	EndGlobalSection
	GlobalSection(SolutionProperties) = preSolution
		HideSolutionNode = FALSE
	EndGlobalSection
	GlobalSection(ExtensibilityGlobals) = postSolution
		SolutionGuid = {D7F74410-A37E-4AAC-8BC2-E4E6DFFFBFD1}
	EndGlobalSection
EndGlobal
